
Microsoft Visual Studio Solution File, Format Version 12.00
# Visual Studio 15
VisualStudioVersion = 15.0.27703.2047
MinimumVisualStudioVersion = 10.0.40219.1
Project("{FAE04EC0-301F-11D3-BF4B-00C04F79EFBC}") = "FinalTeamProject", "FinalTeamProject\FinalTeamProject.csproj", "{4AD0D9EE-8920-48C9-9560-316D8DD74B03}"
EndProject
Global
	GlobalSection(SolutionConfigurationPlatforms) = preSolution
		Debug|Any CPU = Debug|Any CPU
		Release|Any CPU = Release|Any CPU
	EndGlobalSection
	GlobalSection(ProjectConfigurationPlatforms) = postSolution
		{4AD0D9EE-8920-48C9-9560-316D8DD74B03}.Debug|Any CPU.ActiveCfg = Debug|Any CPU
		{4AD0D9EE-8920-48C9-9560-316D8DD74B03}.Debug|Any CPU.Build.0 = Debug|Any CPU
		{4AD0D9EE-8920-48C9-9560-316D8DD74B03}.Release|Any CPU.ActiveCfg = Release|Any CPU
		{4AD0D9EE-8920-48C9-9560-316D8DD74B03}.Release|Any CPU.Build.0 = Release|Any CPU
	EndGlobalSection
	GlobalSection(SolutionProperties) = preSolution
		HideSolutionNode = FALSE
	EndGlobalSection
	GlobalSection(ExtensibilityGlobals) = postSolution
		SolutionGuid = {8EF2934C-408E-4E81-A820-77A6C59CB12D}
	EndGlobalSection
EndGlobal
